
Microsoft Visual Studio Solution File, Format Version 12.00
# Visual Studio Version 17
VisualStudioVersion = 17.0.32014.148
MinimumVisualStudioVersion = 10.0.40219.1
Project("{9A19103F-16F7-4668-BE54-9A1E7A4F7556}") = "logicProgrammingTest", "logicProgrammingTest\logicProgrammingTest.csproj", "{95C191BB-0293-4160-B72E-4CAFC12093C3}"
EndProject
Project("{9A19103F-16F7-4668-BE54-9A1E7A4F7556}") = "OOP", "OOP\OOP.csproj", "{BC786F61-4EEA-44CB-A763-A96F83E05217}"
EndProject
Project("{9A19103F-16F7-4668-BE54-9A1E7A4F7556}") = "Chess-game", "Chess Game\Chess-game.csproj", "{06B39434-1B40-4F98-920F-01A75BE92389}"
EndProject
Project("{9A19103F-16F7-4668-BE54-9A1E7A4F7556}") = "FileManager", "FileManager\FileManager.csproj", "{FE206EEC-B752-4703-A020-07A834BCE286}"
EndProject
Project("{9A19103F-16F7-4668-BE54-9A1E7A4F7556}") = "Interfaces", "Interfaces\Interfaces.csproj", "{6677EB82-09F4-4E51-8B84-A7F3353411AE}"
EndProject
Project("{9A19103F-16F7-4668-BE54-9A1E7A4F7556}") = "Linq", "Linq\Linq.csproj", "{C6AFB30F-46A1-4494-A0A3-001E48574725}"
EndProject
Project("{9A19103F-16F7-4668-BE54-9A1E7A4F7556}") = "CursoLuisDev", "CursoLuisDev\CursoLuisDev.csproj", "{D9FE4AB8-D48D-4DD5-A0E0-13359A41AD06}"
EndProject
Project("{9A19103F-16F7-4668-BE54-9A1E7A4F7556}") = "Dates", "Dates\Dates.csproj", "{C8744B43-90DE-468D-ADA4-FFFF6D2EA51D}"
EndProject
Project("{FAE04EC0-301F-11D3-BF4B-00C04F79EFBC}") = "FolderFiles", "FolderFiles\FolderFiles.csproj", "{1E816407-9A11-4161-8CA4-DC53B8499254}"
EndProject
Global
	GlobalSection(SolutionConfigurationPlatforms) = preSolution
		Debug|Any CPU = Debug|Any CPU
		Release|Any CPU = Release|Any CPU
	EndGlobalSection
	GlobalSection(ProjectConfigurationPlatforms) = postSolution
		{95C191BB-0293-4160-B72E-4CAFC12093C3}.Debug|Any CPU.ActiveCfg = Debug|Any CPU
		{95C191BB-0293-4160-B72E-4CAFC12093C3}.Debug|Any CPU.Build.0 = Debug|Any CPU
		{95C191BB-0293-4160-B72E-4CAFC12093C3}.Release|Any CPU.ActiveCfg = Release|Any CPU
		{95C191BB-0293-4160-B72E-4CAFC12093C3}.Release|Any CPU.Build.0 = Release|Any CPU
		{BC786F61-4EEA-44CB-A763-A96F83E05217}.Debug|Any CPU.ActiveCfg = Debug|Any CPU
		{BC786F61-4EEA-44CB-A763-A96F83E05217}.Debug|Any CPU.Build.0 = Debug|Any CPU
		{BC786F61-4EEA-44CB-A763-A96F83E05217}.Release|Any CPU.ActiveCfg = Release|Any CPU
		{BC786F61-4EEA-44CB-A763-A96F83E05217}.Release|Any CPU.Build.0 = Release|Any CPU
		{06B39434-1B40-4F98-920F-01A75BE92389}.Debug|Any CPU.ActiveCfg = Debug|Any CPU
		{06B39434-1B40-4F98-920F-01A75BE92389}.Debug|Any CPU.Build.0 = Debug|Any CPU
		{06B39434-1B40-4F98-920F-01A75BE92389}.Release|Any CPU.ActiveCfg = Release|Any CPU
		{06B39434-1B40-4F98-920F-01A75BE92389}.Release|Any CPU.Build.0 = Release|Any CPU
		{FE206EEC-B752-4703-A020-07A834BCE286}.Debug|Any CPU.ActiveCfg = Debug|Any CPU
		{FE206EEC-B752-4703-A020-07A834BCE286}.Debug|Any CPU.Build.0 = Debug|Any CPU
		{FE206EEC-B752-4703-A020-07A834BCE286}.Release|Any CPU.ActiveCfg = Release|Any CPU
		{FE206EEC-B752-4703-A020-07A834BCE286}.Release|Any CPU.Build.0 = Release|Any CPU
		{6677EB82-09F4-4E51-8B84-A7F3353411AE}.Debug|Any CPU.ActiveCfg = Debug|Any CPU
		{6677EB82-09F4-4E51-8B84-A7F3353411AE}.Debug|Any CPU.Build.0 = Debug|Any CPU
		{6677EB82-09F4-4E51-8B84-A7F3353411AE}.Release|Any CPU.ActiveCfg = Release|Any CPU
		{6677EB82-09F4-4E51-8B84-A7F3353411AE}.Release|Any CPU.Build.0 = Release|Any CPU
		{C6AFB30F-46A1-4494-A0A3-001E48574725}.Debug|Any CPU.ActiveCfg = Debug|Any CPU
		{C6AFB30F-46A1-4494-A0A3-001E48574725}.Debug|Any CPU.Build.0 = Debug|Any CPU
		{C6AFB30F-46A1-4494-A0A3-001E48574725}.Release|Any CPU.ActiveCfg = Release|Any CPU
		{C6AFB30F-46A1-4494-A0A3-001E48574725}.Release|Any CPU.Build.0 = Release|Any CPU
		{D9FE4AB8-D48D-4DD5-A0E0-13359A41AD06}.Debug|Any CPU.ActiveCfg = Debug|Any CPU
		{D9FE4AB8-D48D-4DD5-A0E0-13359A41AD06}.Debug|Any CPU.Build.0 = Debug|Any CPU
		{D9FE4AB8-D48D-4DD5-A0E0-13359A41AD06}.Release|Any CPU.ActiveCfg = Release|Any CPU
		{D9FE4AB8-D48D-4DD5-A0E0-13359A41AD06}.Release|Any CPU.Build.0 = Release|Any CPU
		{C8744B43-90DE-468D-ADA4-FFFF6D2EA51D}.Debug|Any CPU.ActiveCfg = Debug|Any CPU
		{C8744B43-90DE-468D-ADA4-FFFF6D2EA51D}.Debug|Any CPU.Build.0 = Debug|Any CPU
		{C8744B43-90DE-468D-ADA4-FFFF6D2EA51D}.Release|Any CPU.ActiveCfg = Release|Any CPU
		{C8744B43-90DE-468D-ADA4-FFFF6D2EA51D}.Release|Any CPU.Build.0 = Release|Any CPU
		{1E816407-9A11-4161-8CA4-DC53B8499254}.Debug|Any CPU.ActiveCfg = Debug|Any CPU
		{1E816407-9A11-4161-8CA4-DC53B8499254}.Debug|Any CPU.Build.0 = Debug|Any CPU
		{1E816407-9A11-4161-8CA4-DC53B8499254}.Release|Any CPU.ActiveCfg = Release|Any CPU
		{1E816407-9A11-4161-8CA4-DC53B8499254}.Release|Any CPU.Build.0 = Release|Any CPU
	EndGlobalSection
	GlobalSection(SolutionProperties) = preSolution
		HideSolutionNode = FALSE
	EndGlobalSection
	GlobalSection(ExtensibilityGlobals) = postSolution
		SolutionGuid = {3A0F703B-DE80-4641-9D34-E502F9B2EAF7}
	EndGlobalSection
EndGlobal
